
Microsoft Visual Studio Solution File, Format Version 12.00
# Visual Studio 2013
VisualStudioVersion = 12.0.21005.1
MinimumVisualStudioVersion = 10.0.40219.1
Project("{2150E333-8FDC-42A3-9474-1A3956D46DE8}") = "01 Framework 基础设施层", "01 Framework 基础设施层", "{873D6ADE-1600-41D4-A71F-EB6EAC48344D}"
EndProject
Project("{2150E333-8FDC-42A3-9474-1A3956D46DE8}") = "02 DataAccess 数据库核心层", "02 DataAccess 数据库核心层", "{9BC4B19F-0E8A-46D9-AD54-0FD72C904354}"
EndProject
Project("{2150E333-8FDC-42A3-9474-1A3956D46DE8}") = "03 Application 业务逻辑层", "03 Application 业务逻辑层", "{181991CB-9C10-4688-9731-8AF7850DEE1E}"
EndProject
Project("{2150E333-8FDC-42A3-9474-1A3956D46DE8}") = "04 Application 界面应用层", "04 Application 界面应用层", "{FDD96B91-1D4C-4251-A6AA-FAD39BA010A3}"
EndProject
Project("{FAE04EC0-301F-11D3-BF4B-00C04F79EFBC}") = "BaoLi.Application.Web", "BaoLi.Application.Web\BaoLi.Application.Web.csproj", "{BE5E3544-0F34-4C34-813A-4626837C76A9}"
EndProject
Project("{2150E333-8FDC-42A3-9474-1A3956D46DE8}") = ".nuget", ".nuget", "{732A149F-04F7-4783-8BE1-EF87C30808EF}"
	ProjectSection(SolutionItems) = preProject
		.nuget\NuGet.Config = .nuget\NuGet.Config
		.nuget\NuGet.exe = .nuget\NuGet.exe
		.nuget\NuGet.targets = .nuget\NuGet.targets
	EndProjectSection
EndProject
Project("{2150E333-8FDC-42A3-9474-1A3956D46DE8}") = "02 Util 实用工具", "02 Util 实用工具", "{F91787B2-EE46-41DE-82D5-8D6B926554C3}"
EndProject
Project("{FAE04EC0-301F-11D3-BF4B-00C04F79EFBC}") = "Movit.Util.Extension", "Movit.Util.Extension\Movit.Util.Extension.csproj", "{1BE62E4C-35C1-4115-B003-BE9C98F8436E}"
EndProject
Project("{FAE04EC0-301F-11D3-BF4B-00C04F79EFBC}") = "Movit.Util", "Movit.Util\Movit.Util.csproj", "{CF1C8D13-7702-4A3E-969F-9518CDE2D7A6}"
EndProject
Project("{FAE04EC0-301F-11D3-BF4B-00C04F79EFBC}") = "Movit.Util.Ioc", "Movit.Util.Ioc\Movit.Util.Ioc.csproj", "{2A2611D5-0A19-4EAD-A57F-0D361DC92639}"
EndProject
Project("{FAE04EC0-301F-11D3-BF4B-00C04F79EFBC}") = "Movit.Data.EF", "Movit.Data.EF\Movit.Data.EF.csproj", "{7C84F157-09B6-42D8-85F2-04AF1F31A046}"
EndProject
Project("{FAE04EC0-301F-11D3-BF4B-00C04F79EFBC}") = "Movit.Data.Repository", "Movit.Data.Repository\Movit.Data.Repository.csproj", "{1751A2DD-0F00-4C76-B180-97E8F72FE078}"
EndProject
Project("{FAE04EC0-301F-11D3-BF4B-00C04F79EFBC}") = "Movit.Util.WebControl", "Movit.Util.WebControl\Movit.Util.WebControl.csproj", "{93F81DF7-5A0B-4A13-A90E-8CF7C41955C3}"
EndProject
Project("{FAE04EC0-301F-11D3-BF4B-00C04F79EFBC}") = "Movit.Util.Log", "Movit.Util.Log\Movit.Util.Log.csproj", "{2EF55895-D7DD-42D6-8741-F8100E5C210F}"
EndProject
Project("{FAE04EC0-301F-11D3-BF4B-00C04F79EFBC}") = "Movit.Util.Offices", "Movit.Util.Offices\Movit.Util.Offices.csproj", "{4F8B359E-B664-48C0-88D0-31C140602654}"
EndProject
Project("{FAE04EC0-301F-11D3-BF4B-00C04F79EFBC}") = "Movit.Application.Code", "Movit.Application\Movit.Application.Code\Movit.Application.Code.csproj", "{9B10DB87-130C-41D3-8687-1FAC877DB74A}"
EndProject
Project("{2150E333-8FDC-42A3-9474-1A3956D46DE8}") = "01 Cache 数据缓存层", "01 Cache 数据缓存层", "{83D69CF5-7345-4C0E-9BAF-843FDE350998}"
EndProject
Project("{FAE04EC0-301F-11D3-BF4B-00C04F79EFBC}") = "Movit.Cache", "Movit.Cache\Movit.Cache\Movit.Cache.csproj", "{5AF4997C-4395-48AF-990C-932259111DFF}"
EndProject
Project("{FAE04EC0-301F-11D3-BF4B-00C04F79EFBC}") = "Movit.Cache.Factory", "Movit.Cache\Movit.Cache.Factory\Movit.Cache.Factory.csproj", "{A68CDD21-2E12-4B11-95DB-D0A0FCED48B1}"
EndProject
Project("{FAE04EC0-301F-11D3-BF4B-00C04F79EFBC}") = "Movit.Cache.Redis", "Movit.Cache\Movit.Cache.Redis\Movit.Cache.Redis.csproj", "{51E69AE3-A885-4A84-B71C-801A413C5F1C}"
EndProject
Project("{2150E333-8FDC-42A3-9474-1A3956D46DE8}") = "01 Cache 应用缓存", "01 Cache 应用缓存", "{C62D82E0-806D-4D14-805A-5DBD18A47184}"
EndProject
Project("{2150E333-8FDC-42A3-9474-1A3956D46DE8}") = "02 Models 实体层", "02 Models 实体层", "{E3A823EE-F2E3-461D-964D-C04509DF5C81}"
EndProject
Project("{FAE04EC0-301F-11D3-BF4B-00C04F79EFBC}") = "Movit.Application.Service", "Movit.Application\Movit.Application.Service\Movit.Application.Service.csproj", "{D6B8ABEA-C923-4605-99A9-B7ACA5DE4D8A}"
EndProject
Project("{FAE04EC0-301F-11D3-BF4B-00C04F79EFBC}") = "Movit.Application.Cache", "Movit.Application\Movit.Application.Cache\Movit.Application.Cache.csproj", "{73A55239-A22D-4AC9-B412-64EA83035A18}"
EndProject
Project("{FAE04EC0-301F-11D3-BF4B-00C04F79EFBC}") = "Movit.Application.Entity", "Movit.Application\Movit.Application.Entity\Movit.Application.Entity.csproj", "{C10920FE-8C74-4993-A7F4-1DA189DA842C}"
EndProject
Project("{FAE04EC0-301F-11D3-BF4B-00C04F79EFBC}") = "Movit.Application.Mapping", "Movit.Application\Movit.Application.Mapping\Movit.Application.Mapping.csproj", "{42234E7A-B484-479D-B1C1-08A08A59C935}"
EndProject
Project("{FAE04EC0-301F-11D3-BF4B-00C04F79EFBC}") = "Movit.Data", "Movit.Data\Movit.Data.csproj", "{528F308B-D2CD-4BD1-A94F-BF94ABEF08D7}"
EndProject
Project("{FAE04EC0-301F-11D3-BF4B-00C04F79EFBC}") = "Movit.Application.IService", "Movit.Application\Movit.Application.IService\Movit.Application.IService.csproj", "{8BF8DAB3-DA0C-42D9-AC05-10B843B781A5}"
EndProject
Project("{FAE04EC0-301F-11D3-BF4B-00C04F79EFBC}") = "Movit.Application.Busines", "Movit.Application\Movit.Application.Busines\Movit.Application.Busines.csproj", "{21566527-8F54-4A8D-AA68-7662C2C31FB9}"
EndProject
Project("{2150E333-8FDC-42A3-9474-1A3956D46DE8}") = "05 WinServices 服务", "05 WinServices 服务", "{B8612752-7167-4768-ABA7-4E6742C1BDAD}"
EndProject
Project("{FAE04EC0-301F-11D3-BF4B-00C04F79EFBC}") = "WinServiceBase", "WinServices\WinServiceBase\WinServiceBase.csproj", "{B3363AA2-1C7A-4E0C-92EA-AC144AE99824}"
EndProject
Project("{FAE04EC0-301F-11D3-BF4B-00C04F79EFBC}") = "WinServicerUnitTest", "WinServices\WinServicerUnitTest\WinServicerUnitTest.csproj", "{F328D894-14CE-4752-B881-4B69191971C9}"
EndProject
Project("{2150E333-8FDC-42A3-9474-1A3956D46DE8}") = "03 Builder代码生成", "03 Builder代码生成", "{0DA32A41-211B-4ED9-9A97-767210F153FE}"
EndProject
Project("{FAE04EC0-301F-11D3-BF4B-00C04F79EFBC}") = "Movit.CodeGenerator", "Movit.CodeGenerator\Movit.CodeGenerator.csproj", "{6FAADC1C-DB04-4F65-9856-D989FC3B46C5}"
EndProject
Project("{2150E333-8FDC-42A3-9474-1A3956D46DE8}") = "04 MvcControls", "04 MvcControls", "{A00A1896-0436-48BF-BDCE-25DF30853C28}"
EndProject
Project("{FAE04EC0-301F-11D3-BF4B-00C04F79EFBC}") = "Movit.MvcCotrols", "Movit.MvcCotrols\Movit.MvcCotrols.csproj", "{21A1801B-2EA8-42F6-95AB-2A951B39177B}"
EndProject
Project("{2150E333-8FDC-42A3-9474-1A3956D46DE8}") = "06 Api服务", "06 Api服务", "{92146EF1-F156-4B9F-8C02-1ACAB890F55D}"
EndProject
Project("{FAE04EC0-301F-11D3-BF4B-00C04F79EFBC}") = "Movit.Sys.Api", "Movit.System.Api\Movit.Sys.Api.csproj", "{F43D32C1-110F-422B-AC0D-7B74D495194F}"
EndProject
Project("{FAE04EC0-301F-11D3-BF4B-00C04F79EFBC}") = "UnitTestApi", "UnitTestApi\UnitTestApi.csproj", "{115A99B1-491D-4702-9A7C-5F06D30C5692}"
EndProject
Project("{FAE04EC0-301F-11D3-BF4B-00C04F79EFBC}") = "MessageFactory", "MessageFactory\MessageFactory.csproj", "{EC0796BB-44D8-459A-9185-E80C91D6C9E7}"
EndProject
Project("{FAE04EC0-301F-11D3-BF4B-00C04F79EFBC}") = "Movit.Sys.Api.Code", "Movit.Sys.Api.Code\Movit.Sys.Api.Code.csproj", "{ED3CDBF0-72D8-4444-A8F9-B3D1594EB84C}"
EndProject
Project("{FAE04EC0-301F-11D3-BF4B-00C04F79EFBC}") = "Movit.Application.Interface", "Movit.Application.Interface\Movit.Application.Interface.csproj", "{4A6ED2B3-436A-4A5A-A4DA-627FD0C6A67B}"
EndProject
Project("{FAE04EC0-301F-11D3-BF4B-00C04F79EFBC}") = "Movit.Data.SQLSugar", "Movit.Data.SQLSugar\Movit.Data.SQLSugar.csproj", "{3FDEC770-1392-45DF-A2B5-7DF6BDF0B6FD}"
EndProject
Project("{FAE04EC0-301F-11D3-BF4B-00C04F79EFBC}") = "WinFundStatisticsService", "WinServices\WinFundStatisticsService\WinFundStatisticsService.csproj", "{5DE4AEE3-C404-455B-B1DB-42800A7AFD3F}"
EndProject
Project("{FAE04EC0-301F-11D3-BF4B-00C04F79EFBC}") = "导入历史数据", "导入历史数据\导入历史数据.csproj", "{5F646098-37DA-43E3-9544-9D2232A71A0E}"
EndProject
Global
	GlobalSection(SolutionConfigurationPlatforms) = preSolution
		Debug|Any CPU = Debug|Any CPU
		Release|Any CPU = Release|Any CPU
	EndGlobalSection
	GlobalSection(ProjectConfigurationPlatforms) = postSolution
		{BE5E3544-0F34-4C34-813A-4626837C76A9}.Debug|Any CPU.ActiveCfg = Debug|Any CPU
		{BE5E3544-0F34-4C34-813A-4626837C76A9}.Debug|Any CPU.Build.0 = Debug|Any CPU
		{BE5E3544-0F34-4C34-813A-4626837C76A9}.Release|Any CPU.ActiveCfg = Release|Any CPU
		{BE5E3544-0F34-4C34-813A-4626837C76A9}.Release|Any CPU.Build.0 = Release|Any CPU
		{1BE62E4C-35C1-4115-B003-BE9C98F8436E}.Debug|Any CPU.ActiveCfg = Debug|Any CPU
		{1BE62E4C-35C1-4115-B003-BE9C98F8436E}.Debug|Any CPU.Build.0 = Debug|Any CPU
		{1BE62E4C-35C1-4115-B003-BE9C98F8436E}.Release|Any CPU.ActiveCfg = Release|Any CPU
		{1BE62E4C-35C1-4115-B003-BE9C98F8436E}.Release|Any CPU.Build.0 = Release|Any CPU
		{CF1C8D13-7702-4A3E-969F-9518CDE2D7A6}.Debug|Any CPU.ActiveCfg = Debug|Any CPU
		{CF1C8D13-7702-4A3E-969F-9518CDE2D7A6}.Debug|Any CPU.Build.0 = Debug|Any CPU
		{CF1C8D13-7702-4A3E-969F-9518CDE2D7A6}.Release|Any CPU.ActiveCfg = Release|Any CPU
		{CF1C8D13-7702-4A3E-969F-9518CDE2D7A6}.Release|Any CPU.Build.0 = Release|Any CPU
		{2A2611D5-0A19-4EAD-A57F-0D361DC92639}.Debug|Any CPU.ActiveCfg = Debug|Any CPU
		{2A2611D5-0A19-4EAD-A57F-0D361DC92639}.Debug|Any CPU.Build.0 = Debug|Any CPU
		{2A2611D5-0A19-4EAD-A57F-0D361DC92639}.Release|Any CPU.ActiveCfg = Release|Any CPU
		{2A2611D5-0A19-4EAD-A57F-0D361DC92639}.Release|Any CPU.Build.0 = Release|Any CPU
		{7C84F157-09B6-42D8-85F2-04AF1F31A046}.Debug|Any CPU.ActiveCfg = Debug|Any CPU
		{7C84F157-09B6-42D8-85F2-04AF1F31A046}.Debug|Any CPU.Build.0 = Debug|Any CPU
		{7C84F157-09B6-42D8-85F2-04AF1F31A046}.Release|Any CPU.ActiveCfg = Release|Any CPU
		{7C84F157-09B6-42D8-85F2-04AF1F31A046}.Release|Any CPU.Build.0 = Release|Any CPU
		{1751A2DD-0F00-4C76-B180-97E8F72FE078}.Debug|Any CPU.ActiveCfg = Debug|Any CPU
		{1751A2DD-0F00-4C76-B180-97E8F72FE078}.Debug|Any CPU.Build.0 = Debug|Any CPU
		{1751A2DD-0F00-4C76-B180-97E8F72FE078}.Release|Any CPU.ActiveCfg = Release|Any CPU
		{1751A2DD-0F00-4C76-B180-97E8F72FE078}.Release|Any CPU.Build.0 = Release|Any CPU
		{93F81DF7-5A0B-4A13-A90E-8CF7C41955C3}.Debug|Any CPU.ActiveCfg = Debug|Any CPU
		{93F81DF7-5A0B-4A13-A90E-8CF7C41955C3}.Debug|Any CPU.Build.0 = Debug|Any CPU
		{93F81DF7-5A0B-4A13-A90E-8CF7C41955C3}.Release|Any CPU.ActiveCfg = Release|Any CPU
		{93F81DF7-5A0B-4A13-A90E-8CF7C41955C3}.Release|Any CPU.Build.0 = Release|Any CPU
		{2EF55895-D7DD-42D6-8741-F8100E5C210F}.Debug|Any CPU.ActiveCfg = Debug|Any CPU
		{2EF55895-D7DD-42D6-8741-F8100E5C210F}.Debug|Any CPU.Build.0 = Debug|Any CPU
		{2EF55895-D7DD-42D6-8741-F8100E5C210F}.Release|Any CPU.ActiveCfg = Release|Any CPU
		{2EF55895-D7DD-42D6-8741-F8100E5C210F}.Release|Any CPU.Build.0 = Release|Any CPU
		{4F8B359E-B664-48C0-88D0-31C140602654}.Debug|Any CPU.ActiveCfg = Debug|Any CPU
		{4F8B359E-B664-48C0-88D0-31C140602654}.Debug|Any CPU.Build.0 = Debug|Any CPU
		{4F8B359E-B664-48C0-88D0-31C140602654}.Release|Any CPU.ActiveCfg = Release|Any CPU
		{4F8B359E-B664-48C0-88D0-31C140602654}.Release|Any CPU.Build.0 = Release|Any CPU
		{9B10DB87-130C-41D3-8687-1FAC877DB74A}.Debug|Any CPU.ActiveCfg = Debug|Any CPU
		{9B10DB87-130C-41D3-8687-1FAC877DB74A}.Debug|Any CPU.Build.0 = Debug|Any CPU
		{9B10DB87-130C-41D3-8687-1FAC877DB74A}.Release|Any CPU.ActiveCfg = Release|Any CPU
		{9B10DB87-130C-41D3-8687-1FAC877DB74A}.Release|Any CPU.Build.0 = Release|Any CPU
		{5AF4997C-4395-48AF-990C-932259111DFF}.Debug|Any CPU.ActiveCfg = Debug|Any CPU
		{5AF4997C-4395-48AF-990C-932259111DFF}.Debug|Any CPU.Build.0 = Debug|Any CPU
		{5AF4997C-4395-48AF-990C-932259111DFF}.Release|Any CPU.ActiveCfg = Release|Any CPU
		{5AF4997C-4395-48AF-990C-932259111DFF}.Release|Any CPU.Build.0 = Release|Any CPU
		{A68CDD21-2E12-4B11-95DB-D0A0FCED48B1}.Debug|Any CPU.ActiveCfg = Debug|Any CPU
		{A68CDD21-2E12-4B11-95DB-D0A0FCED48B1}.Debug|Any CPU.Build.0 = Debug|Any CPU
		{A68CDD21-2E12-4B11-95DB-D0A0FCED48B1}.Release|Any CPU.ActiveCfg = Release|Any CPU
		{A68CDD21-2E12-4B11-95DB-D0A0FCED48B1}.Release|Any CPU.Build.0 = Release|Any CPU
		{51E69AE3-A885-4A84-B71C-801A413C5F1C}.Debug|Any CPU.ActiveCfg = Debug|Any CPU
		{51E69AE3-A885-4A84-B71C-801A413C5F1C}.Debug|Any CPU.Build.0 = Debug|Any CPU
		{51E69AE3-A885-4A84-B71C-801A413C5F1C}.Release|Any CPU.ActiveCfg = Release|Any CPU
		{51E69AE3-A885-4A84-B71C-801A413C5F1C}.Release|Any CPU.Build.0 = Release|Any CPU
		{D6B8ABEA-C923-4605-99A9-B7ACA5DE4D8A}.Debug|Any CPU.ActiveCfg = Debug|Any CPU
		{D6B8ABEA-C923-4605-99A9-B7ACA5DE4D8A}.Debug|Any CPU.Build.0 = Debug|Any CPU
		{D6B8ABEA-C923-4605-99A9-B7ACA5DE4D8A}.Release|Any CPU.ActiveCfg = Release|Any CPU
		{D6B8ABEA-C923-4605-99A9-B7ACA5DE4D8A}.Release|Any CPU.Build.0 = Release|Any CPU
		{73A55239-A22D-4AC9-B412-64EA83035A18}.Debug|Any CPU.ActiveCfg = Debug|Any CPU
		{73A55239-A22D-4AC9-B412-64EA83035A18}.Debug|Any CPU.Build.0 = Debug|Any CPU
		{73A55239-A22D-4AC9-B412-64EA83035A18}.Release|Any CPU.ActiveCfg = Release|Any CPU
		{73A55239-A22D-4AC9-B412-64EA83035A18}.Release|Any CPU.Build.0 = Release|Any CPU
		{C10920FE-8C74-4993-A7F4-1DA189DA842C}.Debug|Any CPU.ActiveCfg = Debug|Any CPU
		{C10920FE-8C74-4993-A7F4-1DA189DA842C}.Debug|Any CPU.Build.0 = Debug|Any CPU
		{C10920FE-8C74-4993-A7F4-1DA189DA842C}.Release|Any CPU.ActiveCfg = Release|Any CPU
		{C10920FE-8C74-4993-A7F4-1DA189DA842C}.Release|Any CPU.Build.0 = Release|Any CPU
		{42234E7A-B484-479D-B1C1-08A08A59C935}.Debug|Any CPU.ActiveCfg = Debug|Any CPU
		{42234E7A-B484-479D-B1C1-08A08A59C935}.Debug|Any CPU.Build.0 = Debug|Any CPU
		{42234E7A-B484-479D-B1C1-08A08A59C935}.Release|Any CPU.ActiveCfg = Release|Any CPU
		{42234E7A-B484-479D-B1C1-08A08A59C935}.Release|Any CPU.Build.0 = Release|Any CPU
		{528F308B-D2CD-4BD1-A94F-BF94ABEF08D7}.Debug|Any CPU.ActiveCfg = Debug|Any CPU
		{528F308B-D2CD-4BD1-A94F-BF94ABEF08D7}.Debug|Any CPU.Build.0 = Debug|Any CPU
		{528F308B-D2CD-4BD1-A94F-BF94ABEF08D7}.Release|Any CPU.ActiveCfg = Release|Any CPU
		{528F308B-D2CD-4BD1-A94F-BF94ABEF08D7}.Release|Any CPU.Build.0 = Release|Any CPU
		{8BF8DAB3-DA0C-42D9-AC05-10B843B781A5}.Debug|Any CPU.ActiveCfg = Debug|Any CPU
		{8BF8DAB3-DA0C-42D9-AC05-10B843B781A5}.Debug|Any CPU.Build.0 = Debug|Any CPU
		{8BF8DAB3-DA0C-42D9-AC05-10B843B781A5}.Release|Any CPU.ActiveCfg = Release|Any CPU
		{8BF8DAB3-DA0C-42D9-AC05-10B843B781A5}.Release|Any CPU.Build.0 = Release|Any CPU
		{21566527-8F54-4A8D-AA68-7662C2C31FB9}.Debug|Any CPU.ActiveCfg = Debug|Any CPU
		{21566527-8F54-4A8D-AA68-7662C2C31FB9}.Debug|Any CPU.Build.0 = Debug|Any CPU
		{21566527-8F54-4A8D-AA68-7662C2C31FB9}.Release|Any CPU.ActiveCfg = Release|Any CPU
		{21566527-8F54-4A8D-AA68-7662C2C31FB9}.Release|Any CPU.Build.0 = Release|Any CPU
		{B3363AA2-1C7A-4E0C-92EA-AC144AE99824}.Debug|Any CPU.ActiveCfg = Debug|Any CPU
		{B3363AA2-1C7A-4E0C-92EA-AC144AE99824}.Debug|Any CPU.Build.0 = Debug|Any CPU
		{B3363AA2-1C7A-4E0C-92EA-AC144AE99824}.Release|Any CPU.ActiveCfg = Release|Any CPU
		{B3363AA2-1C7A-4E0C-92EA-AC144AE99824}.Release|Any CPU.Build.0 = Release|Any CPU
		{F328D894-14CE-4752-B881-4B69191971C9}.Debug|Any CPU.ActiveCfg = Debug|Any CPU
		{F328D894-14CE-4752-B881-4B69191971C9}.Debug|Any CPU.Build.0 = Debug|Any CPU
		{F328D894-14CE-4752-B881-4B69191971C9}.Release|Any CPU.ActiveCfg = Release|Any CPU
		{F328D894-14CE-4752-B881-4B69191971C9}.Release|Any CPU.Build.0 = Release|Any CPU
		{6FAADC1C-DB04-4F65-9856-D989FC3B46C5}.Debug|Any CPU.ActiveCfg = Debug|Any CPU
		{6FAADC1C-DB04-4F65-9856-D989FC3B46C5}.Debug|Any CPU.Build.0 = Debug|Any CPU
		{6FAADC1C-DB04-4F65-9856-D989FC3B46C5}.Release|Any CPU.ActiveCfg = Release|Any CPU
		{6FAADC1C-DB04-4F65-9856-D989FC3B46C5}.Release|Any CPU.Build.0 = Release|Any CPU
		{21A1801B-2EA8-42F6-95AB-2A951B39177B}.Debug|Any CPU.ActiveCfg = Debug|Any CPU
		{21A1801B-2EA8-42F6-95AB-2A951B39177B}.Debug|Any CPU.Build.0 = Debug|Any CPU
		{21A1801B-2EA8-42F6-95AB-2A951B39177B}.Release|Any CPU.ActiveCfg = Release|Any CPU
		{21A1801B-2EA8-42F6-95AB-2A951B39177B}.Release|Any CPU.Build.0 = Release|Any CPU
		{F43D32C1-110F-422B-AC0D-7B74D495194F}.Debug|Any CPU.ActiveCfg = Debug|Any CPU
		{F43D32C1-110F-422B-AC0D-7B74D495194F}.Debug|Any CPU.Build.0 = Debug|Any CPU
		{F43D32C1-110F-422B-AC0D-7B74D495194F}.Release|Any CPU.ActiveCfg = Release|Any CPU
		{F43D32C1-110F-422B-AC0D-7B74D495194F}.Release|Any CPU.Build.0 = Release|Any CPU
		{115A99B1-491D-4702-9A7C-5F06D30C5692}.Debug|Any CPU.ActiveCfg = Debug|Any CPU
		{115A99B1-491D-4702-9A7C-5F06D30C5692}.Debug|Any CPU.Build.0 = Debug|Any CPU
		{115A99B1-491D-4702-9A7C-5F06D30C5692}.Release|Any CPU.ActiveCfg = Release|Any CPU
		{115A99B1-491D-4702-9A7C-5F06D30C5692}.Release|Any CPU.Build.0 = Release|Any CPU
		{EC0796BB-44D8-459A-9185-E80C91D6C9E7}.Debug|Any CPU.ActiveCfg = Debug|Any CPU
		{EC0796BB-44D8-459A-9185-E80C91D6C9E7}.Debug|Any CPU.Build.0 = Debug|Any CPU
		{EC0796BB-44D8-459A-9185-E80C91D6C9E7}.Release|Any CPU.ActiveCfg = Release|Any CPU
		{EC0796BB-44D8-459A-9185-E80C91D6C9E7}.Release|Any CPU.Build.0 = Release|Any CPU
		{ED3CDBF0-72D8-4444-A8F9-B3D1594EB84C}.Debug|Any CPU.ActiveCfg = Debug|Any CPU
		{ED3CDBF0-72D8-4444-A8F9-B3D1594EB84C}.Debug|Any CPU.Build.0 = Debug|Any CPU
		{ED3CDBF0-72D8-4444-A8F9-B3D1594EB84C}.Release|Any CPU.ActiveCfg = Release|Any CPU
		{ED3CDBF0-72D8-4444-A8F9-B3D1594EB84C}.Release|Any CPU.Build.0 = Release|Any CPU
		{4A6ED2B3-436A-4A5A-A4DA-627FD0C6A67B}.Debug|Any CPU.ActiveCfg = Debug|Any CPU
		{4A6ED2B3-436A-4A5A-A4DA-627FD0C6A67B}.Debug|Any CPU.Build.0 = Debug|Any CPU
		{4A6ED2B3-436A-4A5A-A4DA-627FD0C6A67B}.Release|Any CPU.ActiveCfg = Release|Any CPU
		{4A6ED2B3-436A-4A5A-A4DA-627FD0C6A67B}.Release|Any CPU.Build.0 = Release|Any CPU
		{3FDEC770-1392-45DF-A2B5-7DF6BDF0B6FD}.Debug|Any CPU.ActiveCfg = Debug|Any CPU
		{3FDEC770-1392-45DF-A2B5-7DF6BDF0B6FD}.Debug|Any CPU.Build.0 = Debug|Any CPU
		{3FDEC770-1392-45DF-A2B5-7DF6BDF0B6FD}.Release|Any CPU.ActiveCfg = Release|Any CPU
		{3FDEC770-1392-45DF-A2B5-7DF6BDF0B6FD}.Release|Any CPU.Build.0 = Release|Any CPU
		{5DE4AEE3-C404-455B-B1DB-42800A7AFD3F}.Debug|Any CPU.ActiveCfg = Debug|Any CPU
		{5DE4AEE3-C404-455B-B1DB-42800A7AFD3F}.Debug|Any CPU.Build.0 = Debug|Any CPU
		{5DE4AEE3-C404-455B-B1DB-42800A7AFD3F}.Release|Any CPU.ActiveCfg = Release|Any CPU
		{5DE4AEE3-C404-455B-B1DB-42800A7AFD3F}.Release|Any CPU.Build.0 = Release|Any CPU
		{5F646098-37DA-43E3-9544-9D2232A71A0E}.Debug|Any CPU.ActiveCfg = Debug|Any CPU
		{5F646098-37DA-43E3-9544-9D2232A71A0E}.Debug|Any CPU.Build.0 = Debug|Any CPU
		{5F646098-37DA-43E3-9544-9D2232A71A0E}.Release|Any CPU.ActiveCfg = Release|Any CPU
		{5F646098-37DA-43E3-9544-9D2232A71A0E}.Release|Any CPU.Build.0 = Release|Any CPU
	EndGlobalSection
	GlobalSection(SolutionProperties) = preSolution
		HideSolutionNode = FALSE
	EndGlobalSection
	GlobalSection(NestedProjects) = preSolution
		{F91787B2-EE46-41DE-82D5-8D6B926554C3} = {873D6ADE-1600-41D4-A71F-EB6EAC48344D}
		{83D69CF5-7345-4C0E-9BAF-843FDE350998} = {873D6ADE-1600-41D4-A71F-EB6EAC48344D}
		{0DA32A41-211B-4ED9-9A97-767210F153FE} = {873D6ADE-1600-41D4-A71F-EB6EAC48344D}
		{A00A1896-0436-48BF-BDCE-25DF30853C28} = {873D6ADE-1600-41D4-A71F-EB6EAC48344D}
		{7C84F157-09B6-42D8-85F2-04AF1F31A046} = {9BC4B19F-0E8A-46D9-AD54-0FD72C904354}
		{1751A2DD-0F00-4C76-B180-97E8F72FE078} = {9BC4B19F-0E8A-46D9-AD54-0FD72C904354}
		{528F308B-D2CD-4BD1-A94F-BF94ABEF08D7} = {9BC4B19F-0E8A-46D9-AD54-0FD72C904354}
		{3FDEC770-1392-45DF-A2B5-7DF6BDF0B6FD} = {9BC4B19F-0E8A-46D9-AD54-0FD72C904354}
		{C62D82E0-806D-4D14-805A-5DBD18A47184} = {181991CB-9C10-4688-9731-8AF7850DEE1E}
		{E3A823EE-F2E3-461D-964D-C04509DF5C81} = {181991CB-9C10-4688-9731-8AF7850DEE1E}
		{D6B8ABEA-C923-4605-99A9-B7ACA5DE4D8A} = {181991CB-9C10-4688-9731-8AF7850DEE1E}
		{8BF8DAB3-DA0C-42D9-AC05-10B843B781A5} = {181991CB-9C10-4688-9731-8AF7850DEE1E}
		{21566527-8F54-4A8D-AA68-7662C2C31FB9} = {181991CB-9C10-4688-9731-8AF7850DEE1E}
		{4A6ED2B3-436A-4A5A-A4DA-627FD0C6A67B} = {181991CB-9C10-4688-9731-8AF7850DEE1E}
		{BE5E3544-0F34-4C34-813A-4626837C76A9} = {FDD96B91-1D4C-4251-A6AA-FAD39BA010A3}
		{9B10DB87-130C-41D3-8687-1FAC877DB74A} = {FDD96B91-1D4C-4251-A6AA-FAD39BA010A3}
		{1BE62E4C-35C1-4115-B003-BE9C98F8436E} = {F91787B2-EE46-41DE-82D5-8D6B926554C3}
		{CF1C8D13-7702-4A3E-969F-9518CDE2D7A6} = {F91787B2-EE46-41DE-82D5-8D6B926554C3}
		{2A2611D5-0A19-4EAD-A57F-0D361DC92639} = {F91787B2-EE46-41DE-82D5-8D6B926554C3}
		{93F81DF7-5A0B-4A13-A90E-8CF7C41955C3} = {F91787B2-EE46-41DE-82D5-8D6B926554C3}
		{2EF55895-D7DD-42D6-8741-F8100E5C210F} = {F91787B2-EE46-41DE-82D5-8D6B926554C3}
		{4F8B359E-B664-48C0-88D0-31C140602654} = {F91787B2-EE46-41DE-82D5-8D6B926554C3}
		{5AF4997C-4395-48AF-990C-932259111DFF} = {83D69CF5-7345-4C0E-9BAF-843FDE350998}
		{A68CDD21-2E12-4B11-95DB-D0A0FCED48B1} = {83D69CF5-7345-4C0E-9BAF-843FDE350998}
		{51E69AE3-A885-4A84-B71C-801A413C5F1C} = {83D69CF5-7345-4C0E-9BAF-843FDE350998}
		{73A55239-A22D-4AC9-B412-64EA83035A18} = {C62D82E0-806D-4D14-805A-5DBD18A47184}
		{C10920FE-8C74-4993-A7F4-1DA189DA842C} = {E3A823EE-F2E3-461D-964D-C04509DF5C81}
		{42234E7A-B484-479D-B1C1-08A08A59C935} = {E3A823EE-F2E3-461D-964D-C04509DF5C81}
		{B3363AA2-1C7A-4E0C-92EA-AC144AE99824} = {B8612752-7167-4768-ABA7-4E6742C1BDAD}
		{F328D894-14CE-4752-B881-4B69191971C9} = {B8612752-7167-4768-ABA7-4E6742C1BDAD}
		{5DE4AEE3-C404-455B-B1DB-42800A7AFD3F} = {B8612752-7167-4768-ABA7-4E6742C1BDAD}
		{6FAADC1C-DB04-4F65-9856-D989FC3B46C5} = {0DA32A41-211B-4ED9-9A97-767210F153FE}
		{21A1801B-2EA8-42F6-95AB-2A951B39177B} = {A00A1896-0436-48BF-BDCE-25DF30853C28}
		{F43D32C1-110F-422B-AC0D-7B74D495194F} = {92146EF1-F156-4B9F-8C02-1ACAB890F55D}
		{115A99B1-491D-4702-9A7C-5F06D30C5692} = {92146EF1-F156-4B9F-8C02-1ACAB890F55D}
		{EC0796BB-44D8-459A-9185-E80C91D6C9E7} = {92146EF1-F156-4B9F-8C02-1ACAB890F55D}
		{ED3CDBF0-72D8-4444-A8F9-B3D1594EB84C} = {92146EF1-F156-4B9F-8C02-1ACAB890F55D}
	EndGlobalSection
EndGlobal
